
Microsoft Visual Studio Solution File, Format Version 12.00
# Visual Studio Version 16
VisualStudioVersion = 16.0.32901.82
MinimumVisualStudioVersion = 10.0.40219.1
Project("{FAE04EC0-301F-11D3-BF4B-00C04F79EFBC}") = "Birlafurukawa", "Birlafurukawa\Birlafurukawa.csproj", "{7FB0BA68-7D33-4BF4-B173-D81E720B13CB}"
EndProject
Global
	GlobalSection(SolutionConfigurationPlatforms) = preSolution
		Debug|Any CPU = Debug|Any CPU
		Release|Any CPU = Release|Any CPU
	EndGlobalSection
	GlobalSection(ProjectConfigurationPlatforms) = postSolution
		{7FB0BA68-7D33-4BF4-B173-D81E720B13CB}.Debug|Any CPU.ActiveCfg = Debug|Any CPU
		{7FB0BA68-7D33-4BF4-B173-D81E720B13CB}.Debug|Any CPU.Build.0 = Debug|Any CPU
		{7FB0BA68-7D33-4BF4-B173-D81E720B13CB}.Release|Any CPU.ActiveCfg = Release|Any CPU
		{7FB0BA68-7D33-4BF4-B173-D81E720B13CB}.Release|Any CPU.Build.0 = Release|Any CPU
	EndGlobalSection
	GlobalSection(SolutionProperties) = preSolution
		HideSolutionNode = FALSE
	EndGlobalSection
	GlobalSection(ExtensibilityGlobals) = postSolution
		SolutionGuid = {C5051910-FD41-4CEC-833D-039987775693}
	EndGlobalSection
EndGlobal
